
Microsoft Visual Studio Solution File, Format Version 12.00
# Visual Studio Version 17
VisualStudioVersion = 17.14.36203.30 d17.14
MinimumVisualStudioVersion = 10.0.40219.1
Project("{FAE04EC0-301F-11D3-BF4B-00C04F79EFBC}") = "Open_Closed_Principle", "Open_Closed_Principle.csproj", "{C0FC344C-A5B7-4945-A227-E2D4069CA54B}"
EndProject
Global
	GlobalSection(SolutionConfigurationPlatforms) = preSolution
		Debug|Any CPU = Debug|Any CPU
		Release|Any CPU = Release|Any CPU
	EndGlobalSection
	GlobalSection(ProjectConfigurationPlatforms) = postSolution
		{C0FC344C-A5B7-4945-A227-E2D4069CA54B}.Debug|Any CPU.ActiveCfg = Debug|Any CPU
		{C0FC344C-A5B7-4945-A227-E2D4069CA54B}.Debug|Any CPU.Build.0 = Debug|Any CPU
		{C0FC344C-A5B7-4945-A227-E2D4069CA54B}.Release|Any CPU.ActiveCfg = Release|Any CPU
		{C0FC344C-A5B7-4945-A227-E2D4069CA54B}.Release|Any CPU.Build.0 = Release|Any CPU
	EndGlobalSection
	GlobalSection(SolutionProperties) = preSolution
		HideSolutionNode = FALSE
	EndGlobalSection
	GlobalSection(ExtensibilityGlobals) = postSolution
		SolutionGuid = {70496508-CE22-4A3B-936D-8C945B877EEC}
	EndGlobalSection
EndGlobal
