
Microsoft Visual Studio Solution File, Format Version 12.00
# Visual Studio Version 17
VisualStudioVersion = 17.14.36203.30 d17.14
MinimumVisualStudioVersion = 10.0.40219.1
Project("{FAE04EC0-301F-11D3-BF4B-00C04F79EFBC}") = "Dependency-Inversion-Principle", "Dependency-Inversion-Principle.csproj", "{7B00D4F0-51C1-4CD1-A07C-C8EBC2BD66EF}"
EndProject
Global
	GlobalSection(SolutionConfigurationPlatforms) = preSolution
		Debug|Any CPU = Debug|Any CPU
		Release|Any CPU = Release|Any CPU
	EndGlobalSection
	GlobalSection(ProjectConfigurationPlatforms) = postSolution
		{7B00D4F0-51C1-4CD1-A07C-C8EBC2BD66EF}.Debug|Any CPU.ActiveCfg = Debug|Any CPU
		{7B00D4F0-51C1-4CD1-A07C-C8EBC2BD66EF}.Debug|Any CPU.Build.0 = Debug|Any CPU
		{7B00D4F0-51C1-4CD1-A07C-C8EBC2BD66EF}.Release|Any CPU.ActiveCfg = Release|Any CPU
		{7B00D4F0-51C1-4CD1-A07C-C8EBC2BD66EF}.Release|Any CPU.Build.0 = Release|Any CPU
	EndGlobalSection
	GlobalSection(SolutionProperties) = preSolution
		HideSolutionNode = FALSE
	EndGlobalSection
	GlobalSection(ExtensibilityGlobals) = postSolution
		SolutionGuid = {7683B412-F042-47F4-8CA7-A2480B5BFF04}
	EndGlobalSection
EndGlobal
